
Microsoft Visual Studio Solution File, Format Version 12.00
# Visual Studio 15
VisualStudioVersion = 15.0.26124.0
MinimumVisualStudioVersion = 15.0.26124.0
Project("{FAE04EC0-301F-11D3-BF4B-00C04F79EFBC}") = "Sample.Console.App", "Sample.Console.App\Sample.Console.App.csproj", "{4C2711AB-4FDB-454E-ADC2-72F2C89918EE}"
EndProject
Project("{FAE04EC0-301F-11D3-BF4B-00C04F79EFBC}") = "Sample.Console.App.UnitTest", "Sample.Console.App.UnitTest\Sample.Console.App.UnitTest.csproj", "{C2B59780-B84F-4058-861A-F7A87CC15786}"
EndProject
Global
	GlobalSection(SolutionConfigurationPlatforms) = preSolution
		Debug|Any CPU = Debug|Any CPU
		Debug|x64 = Debug|x64
		Debug|x86 = Debug|x86
		Release|Any CPU = Release|Any CPU
		Release|x64 = Release|x64
		Release|x86 = Release|x86
	EndGlobalSection
	GlobalSection(SolutionProperties) = preSolution
		HideSolutionNode = FALSE
	EndGlobalSection
	GlobalSection(ProjectConfigurationPlatforms) = postSolution
		{4C2711AB-4FDB-454E-ADC2-72F2C89918EE}.Debug|Any CPU.ActiveCfg = Debug|Any CPU
		{4C2711AB-4FDB-454E-ADC2-72F2C89918EE}.Debug|Any CPU.Build.0 = Debug|Any CPU
		{4C2711AB-4FDB-454E-ADC2-72F2C89918EE}.Debug|x64.ActiveCfg = Debug|Any CPU
		{4C2711AB-4FDB-454E-ADC2-72F2C89918EE}.Debug|x64.Build.0 = Debug|Any CPU
		{4C2711AB-4FDB-454E-ADC2-72F2C89918EE}.Debug|x86.ActiveCfg = Debug|Any CPU
		{4C2711AB-4FDB-454E-ADC2-72F2C89918EE}.Debug|x86.Build.0 = Debug|Any CPU
		{4C2711AB-4FDB-454E-ADC2-72F2C89918EE}.Release|Any CPU.ActiveCfg = Release|Any CPU
		{4C2711AB-4FDB-454E-ADC2-72F2C89918EE}.Release|Any CPU.Build.0 = Release|Any CPU
		{4C2711AB-4FDB-454E-ADC2-72F2C89918EE}.Release|x64.ActiveCfg = Release|Any CPU
		{4C2711AB-4FDB-454E-ADC2-72F2C89918EE}.Release|x64.Build.0 = Release|Any CPU
		{4C2711AB-4FDB-454E-ADC2-72F2C89918EE}.Release|x86.ActiveCfg = Release|Any CPU
		{4C2711AB-4FDB-454E-ADC2-72F2C89918EE}.Release|x86.Build.0 = Release|Any CPU
		{C2B59780-B84F-4058-861A-F7A87CC15786}.Debug|Any CPU.ActiveCfg = Debug|Any CPU
		{C2B59780-B84F-4058-861A-F7A87CC15786}.Debug|Any CPU.Build.0 = Debug|Any CPU
		{C2B59780-B84F-4058-861A-F7A87CC15786}.Debug|x64.ActiveCfg = Debug|Any CPU
		{C2B59780-B84F-4058-861A-F7A87CC15786}.Debug|x64.Build.0 = Debug|Any CPU
		{C2B59780-B84F-4058-861A-F7A87CC15786}.Debug|x86.ActiveCfg = Debug|Any CPU
		{C2B59780-B84F-4058-861A-F7A87CC15786}.Debug|x86.Build.0 = Debug|Any CPU
		{C2B59780-B84F-4058-861A-F7A87CC15786}.Release|Any CPU.ActiveCfg = Release|Any CPU
		{C2B59780-B84F-4058-861A-F7A87CC15786}.Release|Any CPU.Build.0 = Release|Any CPU
		{C2B59780-B84F-4058-861A-F7A87CC15786}.Release|x64.ActiveCfg = Release|Any CPU
		{C2B59780-B84F-4058-861A-F7A87CC15786}.Release|x64.Build.0 = Release|Any CPU
		{C2B59780-B84F-4058-861A-F7A87CC15786}.Release|x86.ActiveCfg = Release|Any CPU
		{C2B59780-B84F-4058-861A-F7A87CC15786}.Release|x86.Build.0 = Release|Any CPU
	EndGlobalSection
EndGlobal
